// !$*UTF8*$!
{
	archiveVersion = 1;
	classes = {
	};
	objectVersion = 56;
	objects = {

/* Begin PBXBuildFile section */
		D06F34902AD91C96007125B2 /* GeneralResponse.swift in Sources */ = {isa = PBXBuildFile; fileRef = D06F348F2AD91C96007125B2 /* GeneralResponse.swift */; };
		D0A386592AD086AC008138C8 /* ArduinoDemoApp.swift in Sources */ = {isa = PBXBuildFile; fileRef = D0A386582AD086AC008138C8 /* ArduinoDemoApp.swift */; };
		D0A3865B2AD086AC008138C8 /* HomeView.swift in Sources */ = {isa = PBXBuildFile; fileRef = D0A3865A2AD086AC008138C8 /* HomeView.swift */; };
		D0A3865F2AD086AE008138C8 /* Assets.xcassets in Resources */ = {isa = PBXBuildFile; fileRef = D0A3865E2AD086AE008138C8 /* Assets.xcassets */; };
		D0A386622AD086AE008138C8 /* Preview Assets.xcassets in Resources */ = {isa = PBXBuildFile; fileRef = D0A386612AD086AE008138C8 /* Preview Assets.xcassets */; };
		D0A3866D2AD088E6008138C8 /* HomeViewViewModel.swift in Sources */ = {isa = PBXBuildFile; fileRef = D0A3866C2AD088E6008138C8 /* HomeViewViewModel.swift */; };
		D0A386792AD09022008138C8 /* HomeLightControlView.swift in Sources */ = {isa = PBXBuildFile; fileRef = D0A386782AD09022008138C8 /* HomeLightControlView.swift */; };
		D0A3867C2AD093C4008138C8 /* HomeLightControlViewViewModel.swift in Sources */ = {isa = PBXBuildFile; fileRef = D0A3867B2AD093C4008138C8 /* HomeLightControlViewViewModel.swift */; };
		D0B686D32AD515AC00FE9333 /* SwiftHelpers in Frameworks */ = {isa = PBXBuildFile; productRef = D0B686D22AD515AC00FE9333 /* SwiftHelpers */; };
		D0EA5F5A2AD155D600604BC5 /* NetworkManager.swift in Sources */ = {isa = PBXBuildFile; fileRef = D0EA5F592AD155D600604BC5 /* NetworkManager.swift */; };
/* End PBXBuildFile section */

/* Begin PBXFileReference section */
		D06F348F2AD91C96007125B2 /* GeneralResponse.swift */ = {isa = PBXFileReference; lastKnownFileType = sourcecode.swift; path = GeneralResponse.swift; sourceTree = "<group>"; };
		D0A386552AD086AC008138C8 /* ArduinoDemo.app */ = {isa = PBXFileReference; explicitFileType = wrapper.application; includeInIndex = 0; path = ArduinoDemo.app; sourceTree = BUILT_PRODUCTS_DIR; };
		D0A386582AD086AC008138C8 /* ArduinoDemoApp.swift */ = {isa = PBXFileReference; lastKnownFileType = sourcecode.swift; path = ArduinoDemoApp.swift; sourceTree = "<group>"; };
		D0A3865A2AD086AC008138C8 /* HomeView.swift */ = {isa = PBXFileReference; lastKnownFileType = sourcecode.swift; path = HomeView.swift; sourceTree = "<group>"; };
		D0A3865E2AD086AE008138C8 /* Assets.xcassets */ = {isa = PBXFileReference; lastKnownFileType = folder.assetcatalog; path = Assets.xcassets; sourceTree = "<group>"; };
		D0A386612AD086AE008138C8 /* Preview Assets.xcassets */ = {isa = PBXFileReference; lastKnownFileType = folder.assetcatalog; path = "Preview Assets.xcassets"; sourceTree = "<group>"; };
		D0A3866C2AD088E6008138C8 /* HomeViewViewModel.swift */ = {isa = PBXFileReference; lastKnownFileType = sourcecode.swift; path = HomeViewViewModel.swift; sourceTree = "<group>"; };
		D0A386782AD09022008138C8 /* HomeLightControlView.swift */ = {isa = PBXFileReference; lastKnownFileType = sourcecode.swift; path = HomeLightControlView.swift; sourceTree = "<group>"; };
		D0A3867B2AD093C4008138C8 /* HomeLightControlViewViewModel.swift */ = {isa = PBXFileReference; lastKnownFileType = sourcecode.swift; path = HomeLightControlViewViewModel.swift; sourceTree = "<group>"; };
		D0EA5F592AD155D600604BC5 /* NetworkManager.swift */ = {isa = PBXFileReference; lastKnownFileType = sourcecode.swift; path = NetworkManager.swift; sourceTree = "<group>"; };
/* End PBXFileReference section */

/* Begin PBXFrameworksBuildPhase section */
		D0A386522AD086AC008138C8 /* Frameworks */ = {
			isa = PBXFrameworksBuildPhase;
			buildActionMask = 2147483647;
			files = (
				D0B686D32AD515AC00FE9333 /* SwiftHelpers in Frameworks */,
			);
			runOnlyForDeploymentPostprocessing = 0;
		};
/* End PBXFrameworksBuildPhase section */

/* Begin PBXGroup section */
		D0A3864C2AD086AC008138C8 = {
			isa = PBXGroup;
			children = (
				D0A386572AD086AC008138C8 /* ArduinoDemo */,
				D0A386562AD086AC008138C8 /* Products */,
			);
			sourceTree = "<group>";
		};
		D0A386562AD086AC008138C8 /* Products */ = {
			isa = PBXGroup;
			children = (
				D0A386552AD086AC008138C8 /* ArduinoDemo.app */,
			);
			name = Products;
			sourceTree = "<group>";
		};
		D0A386572AD086AC008138C8 /* ArduinoDemo */ = {
			isa = PBXGroup;
			children = (
				D0A386582AD086AC008138C8 /* ArduinoDemoApp.swift */,
				D0A386682AD0879D008138C8 /* Model */,
				D0A386692AD087A4008138C8 /* Views */,
				D0A3866A2AD087AA008138C8 /* ViewModels */,
				D0A3866B2AD087B9008138C8 /* Resources */,
				D0A386602AD086AE008138C8 /* Preview Content */,
			);
			path = ArduinoDemo;
			sourceTree = "<group>";
		};
		D0A386602AD086AE008138C8 /* Preview Content */ = {
			isa = PBXGroup;
			children = (
				D0A386612AD086AE008138C8 /* Preview Assets.xcassets */,
			);
			path = "Preview Content";
			sourceTree = "<group>";
		};
		D0A386682AD0879D008138C8 /* Model */ = {
			isa = PBXGroup;
			children = (
				D0EA5F582AD155C400604BC5 /* Network */,
			);
			path = Model;
			sourceTree = "<group>";
		};
		D0A386692AD087A4008138C8 /* Views */ = {
			isa = PBXGroup;
			children = (
				D0A386772AD08EDE008138C8 /* Home */,
			);
			path = Views;
			sourceTree = "<group>";
		};
		D0A3866A2AD087AA008138C8 /* ViewModels */ = {
			isa = PBXGroup;
			children = (
				D0A3867A2AD093AF008138C8 /* Home */,
			);
			path = ViewModels;
			sourceTree = "<group>";
		};
		D0A3866B2AD087B9008138C8 /* Resources */ = {
			isa = PBXGroup;
			children = (
				D0A3865E2AD086AE008138C8 /* Assets.xcassets */,
			);
			path = Resources;
			sourceTree = "<group>";
		};
		D0A386772AD08EDE008138C8 /* Home */ = {
			isa = PBXGroup;
			children = (
				D0A3865A2AD086AC008138C8 /* HomeView.swift */,
				D0A386782AD09022008138C8 /* HomeLightControlView.swift */,
			);
			path = Home;
			sourceTree = "<group>";
		};
		D0A3867A2AD093AF008138C8 /* Home */ = {
			isa = PBXGroup;
			children = (
				D0A3866C2AD088E6008138C8 /* HomeViewViewModel.swift */,
				D0A3867B2AD093C4008138C8 /* HomeLightControlViewViewModel.swift */,
			);
			path = Home;
			sourceTree = "<group>";
		};
		D0EA5F582AD155C400604BC5 /* Network */ = {
			isa = PBXGroup;
			children = (
				D0EA5F592AD155D600604BC5 /* NetworkManager.swift */,
				D06F348F2AD91C96007125B2 /* GeneralResponse.swift */,
			);
			path = Network;
			sourceTree = "<group>";
		};
/* End PBXGroup section */

/* Begin PBXNativeTarget section */
		D0A386542AD086AC008138C8 /* ArduinoDemo */ = {
			isa = PBXNativeTarget;
			buildConfigurationList = D0A386652AD086AE008138C8 /* Build configuration list for PBXNativeTarget "ArduinoDemo" */;
			buildPhases = (
				D0A386512AD086AC008138C8 /* Sources */,
				D0A386522AD086AC008138C8 /* Frameworks */,
				D0A386532AD086AC008138C8 /* Resources */,
			);
			buildRules = (
			);
			dependencies = (
			);
			name = ArduinoDemo;
			packageProductDependencies = (
				D0B686D22AD515AC00FE9333 /* SwiftHelpers */,
			);
			productName = ArduinoDemo;
			productReference = D0A386552AD086AC008138C8 /* ArduinoDemo.app */;
			productType = "com.apple.product-type.application";
		};
/* End PBXNativeTarget section */

/* Begin PBXProject section */
		D0A3864D2AD086AC008138C8 /* Project object */ = {
			isa = PBXProject;
			attributes = {
				BuildIndependentTargetsInParallel = 1;
				LastSwiftUpdateCheck = 1500;
				LastUpgradeCheck = 1500;
				TargetAttributes = {
					D0A386542AD086AC008138C8 = {
						CreatedOnToolsVersion = 15.0;
					};
				};
			};
			buildConfigurationList = D0A386502AD086AC008138C8 /* Build configuration list for PBXProject "ArduinoDemo" */;
			compatibilityVersion = "Xcode 14.0";
			developmentRegion = en;
			hasScannedForEncodings = 0;
			knownRegions = (
				en,
				Base,
			);
			mainGroup = D0A3864C2AD086AC008138C8;
			packageReferences = (
				D0B686D12AD515AC00FE9333 /* XCRemoteSwiftPackageReference "SwiftHelpers" */,
			);
			productRefGroup = D0A386562AD086AC008138C8 /* Products */;
			projectDirPath = "";
			projectRoot = "";
			targets = (
				D0A386542AD086AC008138C8 /* ArduinoDemo */,
			);
		};
/* End PBXProject section */

/* Begin PBXResourcesBuildPhase section */
		D0A386532AD086AC008138C8 /* Resources */ = {
			isa = PBXResourcesBuildPhase;
			buildActionMask = 2147483647;
			files = (
				D0A386622AD086AE008138C8 /* Preview Assets.xcassets in Resources */,
				D0A3865F2AD086AE008138C8 /* Assets.xcassets in Resources */,
			);
			runOnlyForDeploymentPostprocessing = 0;
		};
/* End PBXResourcesBuildPhase section */

/* Begin PBXSourcesBuildPhase section */
		D0A386512AD086AC008138C8 /* Sources */ = {
			isa = PBXSourcesBuildPhase;
			buildActionMask = 2147483647;
			files = (
				D0EA5F5A2AD155D600604BC5 /* NetworkManager.swift in Sources */,
				D0A3865B2AD086AC008138C8 /* HomeView.swift in Sources */,
				D0A3866D2AD088E6008138C8 /* HomeViewViewModel.swift in Sources */,
				D0A386792AD09022008138C8 /* HomeLightControlView.swift in Sources */,
				D0A3867C2AD093C4008138C8 /* HomeLightControlViewViewModel.swift in Sources */,
				D0A386592AD086AC008138C8 /* ArduinoDemoApp.swift in Sources */,
				D06F34902AD91C96007125B2 /* GeneralResponse.swift in Sources */,
			);
			runOnlyForDeploymentPostprocessing = 0;
		};
/* End PBXSourcesBuildPhase section */

/* Begin XCBuildConfiguration section */
		D0A386632AD086AE008138C8 /* Debug */ = {
			isa = XCBuildConfiguration;
			buildSettings = {
				ALWAYS_SEARCH_USER_PATHS = NO;
				ASSETCATALOG_COMPILER_GENERATE_SWIFT_ASSET_SYMBOL_EXTENSIONS = YES;
				CLANG_ANALYZER_NONNULL = YES;
				CLANG_ANALYZER_NUMBER_OBJECT_CONVERSION = YES_AGGRESSIVE;
				CLANG_CXX_LANGUAGE_STANDARD = "gnu++20";
				CLANG_ENABLE_MODULES = YES;
				CLANG_ENABLE_OBJC_ARC = YES;
				CLANG_ENABLE_OBJC_WEAK = YES;
				CLANG_WARN_BLOCK_CAPTURE_AUTORELEASING = YES;
				CLANG_WARN_BOOL_CONVERSION = YES;
				CLANG_WARN_COMMA = YES;
				CLANG_WARN_CONSTANT_CONVERSION = YES;
				CLANG_WARN_DEPRECATED_OBJC_IMPLEMENTATIONS = YES;
				CLANG_WARN_DIRECT_OBJC_ISA_USAGE = YES_ERROR;
				CLANG_WARN_DOCUMENTATION_COMMENTS = YES;
				CLANG_WARN_EMPTY_BODY = YES;
				CLANG_WARN_ENUM_CONVERSION = YES;
				CLANG_WARN_INFINITE_RECURSION = YES;
				CLANG_WARN_INT_CONVERSION = YES;
				CLANG_WARN_NON_LITERAL_NULL_CONVERSION = YES;
				CLANG_WARN_OBJC_IMPLICIT_RETAIN_SELF = YES;
				CLANG_WARN_OBJC_LITERAL_CONVERSION = YES;
				CLANG_WARN_OBJC_ROOT_CLASS = YES_ERROR;
				CLANG_WARN_QUOTED_INCLUDE_IN_FRAMEWORK_HEADER = YES;
				CLANG_WARN_RANGE_LOOP_ANALYSIS = YES;
				CLANG_WARN_STRICT_PROTOTYPES = YES;
				CLANG_WARN_SUSPICIOUS_MOVE = YES;
				CLANG_WARN_UNGUARDED_AVAILABILITY = YES_AGGRESSIVE;
				CLANG_WARN_UNREACHABLE_CODE = YES;
				CLANG_WARN__DUPLICATE_METHOD_MATCH = YES;
				COPY_PHASE_STRIP = NO;
				DEBUG_INFORMATION_FORMAT = dwarf;
				ENABLE_STRICT_OBJC_MSGSEND = YES;
				ENABLE_TESTABILITY = YES;
				ENABLE_USER_SCRIPT_SANDBOXING = YES;
				GCC_C_LANGUAGE_STANDARD = gnu17;
				GCC_DYNAMIC_NO_PIC = NO;
				GCC_NO_COMMON_BLOCKS = YES;
				GCC_OPTIMIZATION_LEVEL = 0;
				GCC_PREPROCESSOR_DEFINITIONS = (
					"DEBUG=1",
					"$(inherited)",
				);
				GCC_WARN_64_TO_32_BIT_CONVERSION = YES;
				GCC_WARN_ABOUT_RETURN_TYPE = YES_ERROR;
				GCC_WARN_UNDECLARED_SELECTOR = YES;
				GCC_WARN_UNINITIALIZED_AUTOS = YES_AGGRESSIVE;
				GCC_WARN_UNUSED_FUNCTION = YES;
				GCC_WARN_UNUSED_VARIABLE = YES;
				IPHONEOS_DEPLOYMENT_TARGET = 17.0;
				LOCALIZATION_PREFERS_STRING_CATALOGS = YES;
				MTL_ENABLE_DEBUG_INFO = INCLUDE_SOURCE;
				MTL_FAST_MATH = YES;
				ONLY_ACTIVE_ARCH = YES;
				SDKROOT = iphoneos;
				SWIFT_ACTIVE_COMPILATION_CONDITIONS = "DEBUG $(inherited)";
				SWIFT_OPTIMIZATION_LEVEL = "-Onone";
			};
			name = Debug;
		};
		D0A386642AD086AE008138C8 /* Release */ = {
			isa = XCBuildConfiguration;
			buildSettings = {
				ALWAYS_SEARCH_USER_PATHS = NO;
				ASSETCATALOG_COMPILER_GENERATE_SWIFT_ASSET_SYMBOL_EXTENSIONS = YES;
				CLANG_ANALYZER_NONNULL = YES;
				CLANG_ANALYZER_NUMBER_OBJECT_CONVERSION = YES_AGGRESSIVE;
				CLANG_CXX_LANGUAGE_STANDARD = "gnu++20";
				CLANG_ENABLE_MODULES = YES;
				CLANG_ENABLE_OBJC_ARC = YES;
				CLANG_ENABLE_OBJC_WEAK = YES;
				CLANG_WARN_BLOCK_CAPTURE_AUTORELEASING = YES;
				CLANG_WARN_BOOL_CONVERSION = YES;
				CLANG_WARN_COMMA = YES;
				CLANG_WARN_CONSTANT_CONVERSION = YES;
				CLANG_WARN_DEPRECATED_OBJC_IMPLEMENTATIONS = YES;
				CLANG_WARN_DIRECT_OBJC_ISA_USAGE = YES_ERROR;
				CLANG_WARN_DOCUMENTATION_COMMENTS = YES;
				CLANG_WARN_EMPTY_BODY = YES;
				CLANG_WARN_ENUM_CONVERSION = YES;
				CLANG_WARN_INFINITE_RECURSION = YES;
				CLANG_WARN_INT_CONVERSION = YES;
				CLANG_WARN_NON_LITERAL_NULL_CONVERSION = YES;
				CLANG_WARN_OBJC_IMPLICIT_RETAIN_SELF = YES;
				CLANG_WARN_OBJC_LITERAL_CONVERSION = YES;
				CLANG_WARN_OBJC_ROOT_CLASS = YES_ERROR;
				CLANG_WARN_QUOTED_INCLUDE_IN_FRAMEWORK_HEADER = YES;
				CLANG_WARN_RANGE_LOOP_ANALYSIS = YES;
				CLANG_WARN_STRICT_PROTOTYPES = YES;
				CLANG_WARN_SUSPICIOUS_MOVE = YES;
				CLANG_WARN_UNGUARDED_AVAILABILITY = YES_AGGRESSIVE;
				CLANG_WARN_UNREACHABLE_CODE = YES;
				CLANG_WARN__DUPLICATE_METHOD_MATCH = YES;
				COPY_PHASE_STRIP = NO;
				DEBUG_INFORMATION_FORMAT = "dwarf-with-dsym";
				ENABLE_NS_ASSERTIONS = NO;
				ENABLE_STRICT_OBJC_MSGSEND = YES;
				ENABLE_USER_SCRIPT_SANDBOXING = YES;
				GCC_C_LANGUAGE_STANDARD = gnu17;
				GCC_NO_COMMON_BLOCKS = YES;
				GCC_WARN_64_TO_32_BIT_CONVERSION = YES;
				GCC_WARN_ABOUT_RETURN_TYPE = YES_ERROR;
				GCC_WARN_UNDECLARED_SELECTOR = YES;
				GCC_WARN_UNINITIALIZED_AUTOS = YES_AGGRESSIVE;
				GCC_WARN_UNUSED_FUNCTION = YES;
				GCC_WARN_UNUSED_VARIABLE = YES;
				IPHONEOS_DEPLOYMENT_TARGET = 17.0;
				LOCALIZATION_PREFERS_STRING_CATALOGS = YES;
				MTL_ENABLE_DEBUG_INFO = NO;
				MTL_FAST_MATH = YES;
				SDKROOT = iphoneos;
				SWIFT_COMPILATION_MODE = wholemodule;
				VALIDATE_PRODUCT = YES;
			};
			name = Release;
		};
		D0A386662AD086AE008138C8 /* Debug */ = {
			isa = XCBuildConfiguration;
			buildSettings = {
				ASSETCATALOG_COMPILER_APPICON_NAME = AppIcon;
				ASSETCATALOG_COMPILER_GLOBAL_ACCENT_COLOR_NAME = AccentColor;
				CODE_SIGN_STYLE = Automatic;
				CURRENT_PROJECT_VERSION = 1;
				DEVELOPMENT_ASSET_PATHS = "\"ArduinoDemo/Preview Content\"";
				DEVELOPMENT_TEAM = 23JEQ2524P;
				ENABLE_PREVIEWS = YES;
				GENERATE_INFOPLIST_FILE = YES;
				INFOPLIST_KEY_UIApplicationSceneManifest_Generation = YES;
				INFOPLIST_KEY_UIApplicationSupportsIndirectInputEvents = YES;
				INFOPLIST_KEY_UILaunchScreen_Generation = YES;
				INFOPLIST_KEY_UISupportedInterfaceOrientations = UIInterfaceOrientationPortrait;
				LD_RUNPATH_SEARCH_PATHS = (
					"$(inherited)",
					"@executable_path/Frameworks",
				);
				MARKETING_VERSION = 1.0;
				PRODUCT_BUNDLE_IDENTIFIER = com.leoho.arduino.demo;
				PRODUCT_NAME = "$(TARGET_NAME)";
				SWIFT_EMIT_LOC_STRINGS = YES;
				SWIFT_VERSION = 5.0;
				TARGETED_DEVICE_FAMILY = "1,2";
			};
			name = Debug;
		};
		D0A386672AD086AE008138C8 /* Release */ = {
			isa = XCBuildConfiguration;
			buildSettings = {
				ASSETCATALOG_COMPILER_APPICON_NAME = AppIcon;
				ASSETCATALOG_COMPILER_GLOBAL_ACCENT_COLOR_NAME = AccentColor;
				CODE_SIGN_STYLE = Automatic;
				CURRENT_PROJECT_VERSION = 1;
				DEVELOPMENT_ASSET_PATHS = "\"ArduinoDemo/Preview Content\"";
				DEVELOPMENT_TEAM = 23JEQ2524P;
				ENABLE_PREVIEWS = YES;
				GENERATE_INFOPLIST_FILE = YES;
				INFOPLIST_KEY_UIApplicationSceneManifest_Generation = YES;
				INFOPLIST_KEY_UIApplicationSupportsIndirectInputEvents = YES;
				INFOPLIST_KEY_UILaunchScreen_Generation = YES;
				INFOPLIST_KEY_UISupportedInterfaceOrientations = UIInterfaceOrientationPortrait;
				LD_RUNPATH_SEARCH_PATHS = (
					"$(inherited)",
					"@executable_path/Frameworks",
				);
				MARKETING_VERSION = 1.0;
				PRODUCT_BUNDLE_IDENTIFIER = com.leoho.arduino.demo;
				PRODUCT_NAME = "$(TARGET_NAME)";
				SWIFT_EMIT_LOC_STRINGS = YES;
				SWIFT_VERSION = 5.0;
				TARGETED_DEVICE_FAMILY = "1,2";
			};
			name = Release;
		};
/* End XCBuildConfiguration section */

/* Begin XCConfigurationList section */
		D0A386502AD086AC008138C8 /* Build configuration list for PBXProject "ArduinoDemo" */ = {
			isa = XCConfigurationList;
			buildConfigurations = (
				D0A386632AD086AE008138C8 /* Debug */,
				D0A386642AD086AE008138C8 /* Release */,
			);
			defaultConfigurationIsVisible = 0;
			defaultConfigurationName = Release;
		};
		D0A386652AD086AE008138C8 /* Build configuration list for PBXNativeTarget "ArduinoDemo" */ = {
			isa = XCConfigurationList;
			buildConfigurations = (
				D0A386662AD086AE008138C8 /* Debug */,
				D0A386672AD086AE008138C8 /* Release */,
			);
			defaultConfigurationIsVisible = 0;
			defaultConfigurationName = Release;
		};
/* End XCConfigurationList section */

/* Begin XCRemoteSwiftPackageReference section */
		D0B686D12AD515AC00FE9333 /* XCRemoteSwiftPackageReference "SwiftHelpers" */ = {
			isa = XCRemoteSwiftPackageReference;
			repositoryURL = "https://github.com/leoho0722/SwiftHelpers.git";
			requirement = {
				branch = main;
				kind = branch;
			};
		};
/* End XCRemoteSwiftPackageReference section */

/* Begin XCSwiftPackageProductDependency section */
		D0B686D22AD515AC00FE9333 /* SwiftHelpers */ = {
			isa = XCSwiftPackageProductDependency;
			package = D0B686D12AD515AC00FE9333 /* XCRemoteSwiftPackageReference "SwiftHelpers" */;
			productName = SwiftHelpers;
		};
/* End XCSwiftPackageProductDependency section */
	};
	rootObject = D0A3864D2AD086AC008138C8 /* Project object */;
}
